
Microsoft Visual Studio Solution File, Format Version 12.00
# Visual Studio Version 16
VisualStudioVersion = 16.0.31515.178
MinimumVisualStudioVersion = 10.0.40219.1
Project("{FAE04EC0-301F-11D3-BF4B-00C04F79EFBC}") = "BankWebAPI", "BankWebAPI.csproj", "{DD4D576A-7BE2-4452-B8AD-789B1CBBAAA0}"
EndProject
Global
	GlobalSection(SolutionConfigurationPlatforms) = preSolution
		Debug|Any CPU = Debug|Any CPU
		Release|Any CPU = Release|Any CPU
	EndGlobalSection
	GlobalSection(ProjectConfigurationPlatforms) = postSolution
		{DD4D576A-7BE2-4452-B8AD-789B1CBBAAA0}.Debug|Any CPU.ActiveCfg = Debug|Any CPU
		{DD4D576A-7BE2-4452-B8AD-789B1CBBAAA0}.Debug|Any CPU.Build.0 = Debug|Any CPU
		{DD4D576A-7BE2-4452-B8AD-789B1CBBAAA0}.Release|Any CPU.ActiveCfg = Release|Any CPU
		{DD4D576A-7BE2-4452-B8AD-789B1CBBAAA0}.Release|Any CPU.Build.0 = Release|Any CPU
	EndGlobalSection
	GlobalSection(SolutionProperties) = preSolution
		HideSolutionNode = FALSE
	EndGlobalSection
	GlobalSection(ExtensibilityGlobals) = postSolution
		SolutionGuid = {FC94442B-4046-4A68-8CE6-20CC44266061}
	EndGlobalSection
EndGlobal
